<Solution>
  <Project Path="backend/QuizCore.API/QuizCore.API.csproj" />
  <Project Path="backend/QuizCore.Application/QuizCore.Application.csproj" />
  <Project Path="backend/QuizCore.Domain/QuizCore.Domain.csproj" />
  <Project Path="backend/QuizCore.Infrastructure/QuizCore.Infrastructure.csproj" />
</Solution>
